
Microsoft Visual Studio Solution File, Format Version 12.00
# Visual Studio 15
VisualStudioVersion = 15.0.27130.2010
MinimumVisualStudioVersion = 10.0.40219.1
Project("{FAE04EC0-301F-11D3-BF4B-00C04F79EFBC}") = "SportsStore", "SportsStore\SportsStore.csproj", "{CEA4E807-8198-4100-BFDB-783C8F17E6C6}"
EndProject
Project("{FAE04EC0-301F-11D3-BF4B-00C04F79EFBC}") = "SportsStore.Tests", "SportsStore.Tests\SportsStore.Tests.csproj", "{B4300984-4665-4598-A1F4-28E668964C50}"
EndProject
Global
	GlobalSection(SolutionConfigurationPlatforms) = preSolution
		Debug|Any CPU = Debug|Any CPU
		Release|Any CPU = Release|Any CPU
	EndGlobalSection
	GlobalSection(ProjectConfigurationPlatforms) = postSolution
		{CEA4E807-8198-4100-BFDB-783C8F17E6C6}.Debug|Any CPU.ActiveCfg = Debug|Any CPU
		{CEA4E807-8198-4100-BFDB-783C8F17E6C6}.Debug|Any CPU.Build.0 = Debug|Any CPU
		{CEA4E807-8198-4100-BFDB-783C8F17E6C6}.Release|Any CPU.ActiveCfg = Release|Any CPU
		{CEA4E807-8198-4100-BFDB-783C8F17E6C6}.Release|Any CPU.Build.0 = Release|Any CPU
		{B4300984-4665-4598-A1F4-28E668964C50}.Debug|Any CPU.ActiveCfg = Debug|Any CPU
		{B4300984-4665-4598-A1F4-28E668964C50}.Debug|Any CPU.Build.0 = Debug|Any CPU
		{B4300984-4665-4598-A1F4-28E668964C50}.Release|Any CPU.ActiveCfg = Release|Any CPU
		{B4300984-4665-4598-A1F4-28E668964C50}.Release|Any CPU.Build.0 = Release|Any CPU
	EndGlobalSection
	GlobalSection(SolutionProperties) = preSolution
		HideSolutionNode = FALSE
	EndGlobalSection
	GlobalSection(ExtensibilityGlobals) = postSolution
		SolutionGuid = {B2BE8E5C-80CA-4088-945C-B9C0355DC0CA}
	EndGlobalSection
EndGlobal
